
Microsoft Visual Studio Solution File, Format Version 12.00
# Visual Studio Version 17
VisualStudioVersion = 17.9.34723.18
MinimumVisualStudioVersion = 10.0.40219.1
Project("{9A19103F-16F7-4668-BE54-9A1E7A4F7556}") = "Domain", "Domain\Domain.csproj", "{92FC44B2-FE1E-4EB2-879E-E71D704971D4}"
EndProject
Project("{9A19103F-16F7-4668-BE54-9A1E7A4F7556}") = "Application", "Application\Application.csproj", "{43FF33E3-91A0-4572-A9F4-527C5D78A679}"
EndProject
Project("{9A19103F-16F7-4668-BE54-9A1E7A4F7556}") = "Infrastructure", "Infrastructure\Infrastructure.csproj", "{4623E22A-54C3-43F5-AE2A-05E94D03367F}"
EndProject
Project("{9A19103F-16F7-4668-BE54-9A1E7A4F7556}") = "CrossCutting", "CrossCutting\CrossCutting.csproj", "{6084B77C-4087-4D1C-897D-6A7910015103}"
EndProject
Project("{2150E333-8FDC-42A3-9474-1A3956D46DE8}") = "Library", "Library", "{8A133274-8D24-4385-9928-A60995C79362}"
EndProject
Project("{2150E333-8FDC-42A3-9474-1A3956D46DE8}") = "Presentation", "Presentation", "{D82F0B0C-3D99-4F87-85AA-EC2BB8161739}"
EndProject
Project("{2150E333-8FDC-42A3-9474-1A3956D46DE8}") = "SMF", "SMF", "{D5FDB3C8-3245-48F4-9AC5-F1DA8DE43DBB}"
EndProject
Project("{9A19103F-16F7-4668-BE54-9A1E7A4F7556}") = "ITBI", "ITBI\ITBI\ITBI.csproj", "{9C824020-386D-4522-A08D-8A8C40997356}"
EndProject
Project("{9A19103F-16F7-4668-BE54-9A1E7A4F7556}") = "ITBI.Client", "ITBI\ITBI.Client\ITBI.Client.csproj", "{61B58864-0B4B-4BFA-9F04-574AA04B60AA}"
EndProject
Global
	GlobalSection(SolutionConfigurationPlatforms) = preSolution
		Debug|Any CPU = Debug|Any CPU
		Release|Any CPU = Release|Any CPU
	EndGlobalSection
	GlobalSection(ProjectConfigurationPlatforms) = postSolution
		{92FC44B2-FE1E-4EB2-879E-E71D704971D4}.Debug|Any CPU.ActiveCfg = Debug|Any CPU
		{92FC44B2-FE1E-4EB2-879E-E71D704971D4}.Debug|Any CPU.Build.0 = Debug|Any CPU
		{92FC44B2-FE1E-4EB2-879E-E71D704971D4}.Release|Any CPU.ActiveCfg = Release|Any CPU
		{92FC44B2-FE1E-4EB2-879E-E71D704971D4}.Release|Any CPU.Build.0 = Release|Any CPU
		{43FF33E3-91A0-4572-A9F4-527C5D78A679}.Debug|Any CPU.ActiveCfg = Debug|Any CPU
		{43FF33E3-91A0-4572-A9F4-527C5D78A679}.Debug|Any CPU.Build.0 = Debug|Any CPU
		{43FF33E3-91A0-4572-A9F4-527C5D78A679}.Release|Any CPU.ActiveCfg = Release|Any CPU
		{43FF33E3-91A0-4572-A9F4-527C5D78A679}.Release|Any CPU.Build.0 = Release|Any CPU
		{4623E22A-54C3-43F5-AE2A-05E94D03367F}.Debug|Any CPU.ActiveCfg = Debug|Any CPU
		{4623E22A-54C3-43F5-AE2A-05E94D03367F}.Debug|Any CPU.Build.0 = Debug|Any CPU
		{4623E22A-54C3-43F5-AE2A-05E94D03367F}.Release|Any CPU.ActiveCfg = Release|Any CPU
		{4623E22A-54C3-43F5-AE2A-05E94D03367F}.Release|Any CPU.Build.0 = Release|Any CPU
		{6084B77C-4087-4D1C-897D-6A7910015103}.Debug|Any CPU.ActiveCfg = Debug|Any CPU
		{6084B77C-4087-4D1C-897D-6A7910015103}.Debug|Any CPU.Build.0 = Debug|Any CPU
		{6084B77C-4087-4D1C-897D-6A7910015103}.Release|Any CPU.ActiveCfg = Release|Any CPU
		{6084B77C-4087-4D1C-897D-6A7910015103}.Release|Any CPU.Build.0 = Release|Any CPU
		{9C824020-386D-4522-A08D-8A8C40997356}.Debug|Any CPU.ActiveCfg = Debug|Any CPU
		{9C824020-386D-4522-A08D-8A8C40997356}.Debug|Any CPU.Build.0 = Debug|Any CPU
		{9C824020-386D-4522-A08D-8A8C40997356}.Release|Any CPU.ActiveCfg = Release|Any CPU
		{9C824020-386D-4522-A08D-8A8C40997356}.Release|Any CPU.Build.0 = Release|Any CPU
		{61B58864-0B4B-4BFA-9F04-574AA04B60AA}.Debug|Any CPU.ActiveCfg = Debug|Any CPU
		{61B58864-0B4B-4BFA-9F04-574AA04B60AA}.Debug|Any CPU.Build.0 = Debug|Any CPU
		{61B58864-0B4B-4BFA-9F04-574AA04B60AA}.Release|Any CPU.ActiveCfg = Release|Any CPU
		{61B58864-0B4B-4BFA-9F04-574AA04B60AA}.Release|Any CPU.Build.0 = Release|Any CPU
	EndGlobalSection
	GlobalSection(SolutionProperties) = preSolution
		HideSolutionNode = FALSE
	EndGlobalSection
	GlobalSection(NestedProjects) = preSolution
		{92FC44B2-FE1E-4EB2-879E-E71D704971D4} = {8A133274-8D24-4385-9928-A60995C79362}
		{43FF33E3-91A0-4572-A9F4-527C5D78A679} = {8A133274-8D24-4385-9928-A60995C79362}
		{4623E22A-54C3-43F5-AE2A-05E94D03367F} = {8A133274-8D24-4385-9928-A60995C79362}
		{6084B77C-4087-4D1C-897D-6A7910015103} = {8A133274-8D24-4385-9928-A60995C79362}
		{D5FDB3C8-3245-48F4-9AC5-F1DA8DE43DBB} = {D82F0B0C-3D99-4F87-85AA-EC2BB8161739}
		{9C824020-386D-4522-A08D-8A8C40997356} = {D5FDB3C8-3245-48F4-9AC5-F1DA8DE43DBB}
		{61B58864-0B4B-4BFA-9F04-574AA04B60AA} = {D5FDB3C8-3245-48F4-9AC5-F1DA8DE43DBB}
	EndGlobalSection
	GlobalSection(ExtensibilityGlobals) = postSolution
		SolutionGuid = {DF1C0AA5-D7B9-4C81-AE1A-66C2FA0364B8}
	EndGlobalSection
EndGlobal
