
Microsoft Visual Studio Solution File, Format Version 12.00
# Visual Studio Version 17
VisualStudioVersion = 17.5.33530.505
MinimumVisualStudioVersion = 10.0.40219.1
Project("{9A19103F-16F7-4668-BE54-9A1E7A4F7556}") = "Domain", "Domain\Domain.csproj", "{7BD0D5FB-ED2D-4E83-8ED8-6C69C678F793}"
EndProject
Project("{9A19103F-16F7-4668-BE54-9A1E7A4F7556}") = "Infrastructure", "Infrastructure\Infrastructure.csproj", "{88F260C4-09A8-4D43-96B6-F2D9459BCAC1}"
EndProject
Project("{9A19103F-16F7-4668-BE54-9A1E7A4F7556}") = "IOC", "IOC\IOC.csproj", "{79C01B14-8BBD-4E1D-9C20-05A7FAA10F01}"
EndProject
Project("{9A19103F-16F7-4668-BE54-9A1E7A4F7556}") = "Application", "Application\Application.csproj", "{C6376BF5-C67F-4356-919C-1E7A14576382}"
EndProject
Project("{9A19103F-16F7-4668-BE54-9A1E7A4F7556}") = "WEBMVC", "WEBMVC\WEBMVC.csproj", "{BFDDB64B-FBE3-4868-826F-780EB47D3DB2}"
EndProject
Project("{9A19103F-16F7-4668-BE54-9A1E7A4F7556}") = "GerarClasses", "GerarClasses\GerarClasses.csproj", "{C0D6BFDD-9056-42E5-85F1-17DD488B5F9D}"
EndProject
Project("{9A19103F-16F7-4668-BE54-9A1E7A4F7556}") = "GeraNotificacao", "GeraNotificacao\GeraNotificacao.csproj", "{58138BF5-4EBE-499C-BA69-7CF2DFAC791E}"
EndProject
Global
	GlobalSection(SolutionConfigurationPlatforms) = preSolution
		Debug|Any CPU = Debug|Any CPU
		Release|Any CPU = Release|Any CPU
	EndGlobalSection
	GlobalSection(ProjectConfigurationPlatforms) = postSolution
		{7BD0D5FB-ED2D-4E83-8ED8-6C69C678F793}.Debug|Any CPU.ActiveCfg = Debug|Any CPU
		{7BD0D5FB-ED2D-4E83-8ED8-6C69C678F793}.Debug|Any CPU.Build.0 = Debug|Any CPU
		{7BD0D5FB-ED2D-4E83-8ED8-6C69C678F793}.Release|Any CPU.ActiveCfg = Release|Any CPU
		{7BD0D5FB-ED2D-4E83-8ED8-6C69C678F793}.Release|Any CPU.Build.0 = Release|Any CPU
		{88F260C4-09A8-4D43-96B6-F2D9459BCAC1}.Debug|Any CPU.ActiveCfg = Debug|Any CPU
		{88F260C4-09A8-4D43-96B6-F2D9459BCAC1}.Debug|Any CPU.Build.0 = Debug|Any CPU
		{88F260C4-09A8-4D43-96B6-F2D9459BCAC1}.Release|Any CPU.ActiveCfg = Release|Any CPU
		{88F260C4-09A8-4D43-96B6-F2D9459BCAC1}.Release|Any CPU.Build.0 = Release|Any CPU
		{79C01B14-8BBD-4E1D-9C20-05A7FAA10F01}.Debug|Any CPU.ActiveCfg = Debug|Any CPU
		{79C01B14-8BBD-4E1D-9C20-05A7FAA10F01}.Debug|Any CPU.Build.0 = Debug|Any CPU
		{79C01B14-8BBD-4E1D-9C20-05A7FAA10F01}.Release|Any CPU.ActiveCfg = Release|Any CPU
		{79C01B14-8BBD-4E1D-9C20-05A7FAA10F01}.Release|Any CPU.Build.0 = Release|Any CPU
		{C6376BF5-C67F-4356-919C-1E7A14576382}.Debug|Any CPU.ActiveCfg = Debug|Any CPU
		{C6376BF5-C67F-4356-919C-1E7A14576382}.Debug|Any CPU.Build.0 = Debug|Any CPU
		{C6376BF5-C67F-4356-919C-1E7A14576382}.Release|Any CPU.ActiveCfg = Release|Any CPU
		{C6376BF5-C67F-4356-919C-1E7A14576382}.Release|Any CPU.Build.0 = Release|Any CPU
		{BFDDB64B-FBE3-4868-826F-780EB47D3DB2}.Debug|Any CPU.ActiveCfg = Debug|Any CPU
		{BFDDB64B-FBE3-4868-826F-780EB47D3DB2}.Debug|Any CPU.Build.0 = Debug|Any CPU
		{BFDDB64B-FBE3-4868-826F-780EB47D3DB2}.Release|Any CPU.ActiveCfg = Release|Any CPU
		{BFDDB64B-FBE3-4868-826F-780EB47D3DB2}.Release|Any CPU.Build.0 = Release|Any CPU
		{C0D6BFDD-9056-42E5-85F1-17DD488B5F9D}.Debug|Any CPU.ActiveCfg = Debug|Any CPU
		{C0D6BFDD-9056-42E5-85F1-17DD488B5F9D}.Debug|Any CPU.Build.0 = Debug|Any CPU
		{C0D6BFDD-9056-42E5-85F1-17DD488B5F9D}.Release|Any CPU.ActiveCfg = Release|Any CPU
		{C0D6BFDD-9056-42E5-85F1-17DD488B5F9D}.Release|Any CPU.Build.0 = Release|Any CPU
		{58138BF5-4EBE-499C-BA69-7CF2DFAC791E}.Debug|Any CPU.ActiveCfg = Debug|Any CPU
		{58138BF5-4EBE-499C-BA69-7CF2DFAC791E}.Debug|Any CPU.Build.0 = Debug|Any CPU
		{58138BF5-4EBE-499C-BA69-7CF2DFAC791E}.Release|Any CPU.ActiveCfg = Release|Any CPU
		{58138BF5-4EBE-499C-BA69-7CF2DFAC791E}.Release|Any CPU.Build.0 = Release|Any CPU
	EndGlobalSection
	GlobalSection(SolutionProperties) = preSolution
		HideSolutionNode = FALSE
	EndGlobalSection
	GlobalSection(ExtensibilityGlobals) = postSolution
		SolutionGuid = {DC4C24FB-9FF1-4244-AAA3-1C3358A393F3}
	EndGlobalSection
EndGlobal
