
Microsoft Visual Studio Solution File, Format Version 12.00
# Visual Studio Version 17
VisualStudioVersion = 17.5.33530.505
MinimumVisualStudioVersion = 10.0.40219.1
Project("{9A19103F-16F7-4668-BE54-9A1E7A4F7556}") = "Domain", "Domain\Domain.csproj", "{7BD0D5FB-ED2D-4E83-8ED8-6C69C678F793}"
EndProject
Project("{9A19103F-16F7-4668-BE54-9A1E7A4F7556}") = "Infrastructure", "Infrastructure\Infrastructure.csproj", "{88F260C4-09A8-4D43-96B6-F2D9459BCAC1}"
EndProject
Project("{9A19103F-16F7-4668-BE54-9A1E7A4F7556}") = "IOC", "IOC\IOC.csproj", "{79C01B14-8BBD-4E1D-9C20-05A7FAA10F01}"
EndProject
Project("{9A19103F-16F7-4668-BE54-9A1E7A4F7556}") = "Application", "Application\Application.csproj", "{C6376BF5-C67F-4356-919C-1E7A14576382}"
EndProject
Project("{9A19103F-16F7-4668-BE54-9A1E7A4F7556}") = "WEBMVC", "WEBMVC\WEBMVC.csproj", "{BFDDB64B-FBE3-4868-826F-780EB47D3DB2}"
EndProject
Project("{9A19103F-16F7-4668-BE54-9A1E7A4F7556}") = "MegaData", "MegaData\MegaData.csproj", "{96CEE00F-0140-4E25-8B1D-8F34A64B156E}"
EndProject
Project("{9A19103F-16F7-4668-BE54-9A1E7A4F7556}") = "Fazenda", "Fazenda\Fazenda.csproj", "{0D62EF48-55BF-4414-93C4-557A455A4B3D}"
EndProject
Project("{9A19103F-16F7-4668-BE54-9A1E7A4F7556}") = "GerarClasses", "GerarClasses\GerarClasses.csproj", "{BBA79018-B597-4721-8FBC-FF20B9F48082}"
EndProject
Project("{9A19103F-16F7-4668-BE54-9A1E7A4F7556}") = "PIVOT", "PIVOT\PIVOT.csproj", "{7420D4B3-B575-4E97-B04F-7027F0AB7BDD}"
EndProject
Project("{2150E333-8FDC-42A3-9474-1A3956D46DE8}") = "SMF", "SMF", "{E478E8B3-8E88-454E-87CD-957CB86D2096}"
EndProject
Project("{9A19103F-16F7-4668-BE54-9A1E7A4F7556}") = "ITBI", "ITBI\ITBI\ITBI.csproj", "{8A95475A-5C4A-42EC-8B01-6B40D35C919B}"
EndProject
Project("{9A19103F-16F7-4668-BE54-9A1E7A4F7556}") = "ITBI.Client", "ITBI\ITBI.Client\ITBI.Client.csproj", "{BA5A200C-1702-4763-A999-B8E27EFD06B1}"
EndProject
Global
	GlobalSection(SolutionConfigurationPlatforms) = preSolution
		Debug|Any CPU = Debug|Any CPU
		Release|Any CPU = Release|Any CPU
	EndGlobalSection
	GlobalSection(ProjectConfigurationPlatforms) = postSolution
		{7BD0D5FB-ED2D-4E83-8ED8-6C69C678F793}.Debug|Any CPU.ActiveCfg = Debug|Any CPU
		{7BD0D5FB-ED2D-4E83-8ED8-6C69C678F793}.Debug|Any CPU.Build.0 = Debug|Any CPU
		{7BD0D5FB-ED2D-4E83-8ED8-6C69C678F793}.Release|Any CPU.ActiveCfg = Release|Any CPU
		{7BD0D5FB-ED2D-4E83-8ED8-6C69C678F793}.Release|Any CPU.Build.0 = Release|Any CPU
		{88F260C4-09A8-4D43-96B6-F2D9459BCAC1}.Debug|Any CPU.ActiveCfg = Debug|Any CPU
		{88F260C4-09A8-4D43-96B6-F2D9459BCAC1}.Debug|Any CPU.Build.0 = Debug|Any CPU
		{88F260C4-09A8-4D43-96B6-F2D9459BCAC1}.Release|Any CPU.ActiveCfg = Release|Any CPU
		{88F260C4-09A8-4D43-96B6-F2D9459BCAC1}.Release|Any CPU.Build.0 = Release|Any CPU
		{79C01B14-8BBD-4E1D-9C20-05A7FAA10F01}.Debug|Any CPU.ActiveCfg = Debug|Any CPU
		{79C01B14-8BBD-4E1D-9C20-05A7FAA10F01}.Debug|Any CPU.Build.0 = Debug|Any CPU
		{79C01B14-8BBD-4E1D-9C20-05A7FAA10F01}.Release|Any CPU.ActiveCfg = Release|Any CPU
		{79C01B14-8BBD-4E1D-9C20-05A7FAA10F01}.Release|Any CPU.Build.0 = Release|Any CPU
		{C6376BF5-C67F-4356-919C-1E7A14576382}.Debug|Any CPU.ActiveCfg = Debug|Any CPU
		{C6376BF5-C67F-4356-919C-1E7A14576382}.Debug|Any CPU.Build.0 = Debug|Any CPU
		{C6376BF5-C67F-4356-919C-1E7A14576382}.Release|Any CPU.ActiveCfg = Release|Any CPU
		{C6376BF5-C67F-4356-919C-1E7A14576382}.Release|Any CPU.Build.0 = Release|Any CPU
		{BFDDB64B-FBE3-4868-826F-780EB47D3DB2}.Debug|Any CPU.ActiveCfg = Debug|Any CPU
		{BFDDB64B-FBE3-4868-826F-780EB47D3DB2}.Debug|Any CPU.Build.0 = Debug|Any CPU
		{BFDDB64B-FBE3-4868-826F-780EB47D3DB2}.Release|Any CPU.ActiveCfg = Release|Any CPU
		{BFDDB64B-FBE3-4868-826F-780EB47D3DB2}.Release|Any CPU.Build.0 = Release|Any CPU
		{96CEE00F-0140-4E25-8B1D-8F34A64B156E}.Debug|Any CPU.ActiveCfg = Debug|Any CPU
		{96CEE00F-0140-4E25-8B1D-8F34A64B156E}.Debug|Any CPU.Build.0 = Debug|Any CPU
		{96CEE00F-0140-4E25-8B1D-8F34A64B156E}.Release|Any CPU.ActiveCfg = Release|Any CPU
		{96CEE00F-0140-4E25-8B1D-8F34A64B156E}.Release|Any CPU.Build.0 = Release|Any CPU
		{0D62EF48-55BF-4414-93C4-557A455A4B3D}.Debug|Any CPU.ActiveCfg = Debug|Any CPU
		{0D62EF48-55BF-4414-93C4-557A455A4B3D}.Debug|Any CPU.Build.0 = Debug|Any CPU
		{0D62EF48-55BF-4414-93C4-557A455A4B3D}.Release|Any CPU.ActiveCfg = Release|Any CPU
		{0D62EF48-55BF-4414-93C4-557A455A4B3D}.Release|Any CPU.Build.0 = Release|Any CPU
		{BBA79018-B597-4721-8FBC-FF20B9F48082}.Debug|Any CPU.ActiveCfg = Debug|Any CPU
		{BBA79018-B597-4721-8FBC-FF20B9F48082}.Debug|Any CPU.Build.0 = Debug|Any CPU
		{BBA79018-B597-4721-8FBC-FF20B9F48082}.Release|Any CPU.ActiveCfg = Release|Any CPU
		{BBA79018-B597-4721-8FBC-FF20B9F48082}.Release|Any CPU.Build.0 = Release|Any CPU
		{7420D4B3-B575-4E97-B04F-7027F0AB7BDD}.Debug|Any CPU.ActiveCfg = Debug|Any CPU
		{7420D4B3-B575-4E97-B04F-7027F0AB7BDD}.Debug|Any CPU.Build.0 = Debug|Any CPU
		{7420D4B3-B575-4E97-B04F-7027F0AB7BDD}.Release|Any CPU.ActiveCfg = Release|Any CPU
		{7420D4B3-B575-4E97-B04F-7027F0AB7BDD}.Release|Any CPU.Build.0 = Release|Any CPU
		{8A95475A-5C4A-42EC-8B01-6B40D35C919B}.Debug|Any CPU.ActiveCfg = Debug|Any CPU
		{8A95475A-5C4A-42EC-8B01-6B40D35C919B}.Debug|Any CPU.Build.0 = Debug|Any CPU
		{8A95475A-5C4A-42EC-8B01-6B40D35C919B}.Release|Any CPU.ActiveCfg = Release|Any CPU
		{8A95475A-5C4A-42EC-8B01-6B40D35C919B}.Release|Any CPU.Build.0 = Release|Any CPU
		{BA5A200C-1702-4763-A999-B8E27EFD06B1}.Debug|Any CPU.ActiveCfg = Debug|Any CPU
		{BA5A200C-1702-4763-A999-B8E27EFD06B1}.Debug|Any CPU.Build.0 = Debug|Any CPU
		{BA5A200C-1702-4763-A999-B8E27EFD06B1}.Release|Any CPU.ActiveCfg = Release|Any CPU
		{BA5A200C-1702-4763-A999-B8E27EFD06B1}.Release|Any CPU.Build.0 = Release|Any CPU
	EndGlobalSection
	GlobalSection(SolutionProperties) = preSolution
		HideSolutionNode = FALSE
	EndGlobalSection
	GlobalSection(NestedProjects) = preSolution
		{8A95475A-5C4A-42EC-8B01-6B40D35C919B} = {E478E8B3-8E88-454E-87CD-957CB86D2096}
		{BA5A200C-1702-4763-A999-B8E27EFD06B1} = {E478E8B3-8E88-454E-87CD-957CB86D2096}
	EndGlobalSection
	GlobalSection(ExtensibilityGlobals) = postSolution
		SolutionGuid = {DC4C24FB-9FF1-4244-AAA3-1C3358A393F3}
	EndGlobalSection
EndGlobal
