
Microsoft Visual Studio Solution File, Format Version 12.00
# Visual Studio Version 17
VisualStudioVersion = 17.4.33205.214
MinimumVisualStudioVersion = 10.0.40219.1
Project("{FAE04EC0-301F-11D3-BF4B-00C04F79EFBC}") = "MVC", "MVC\MVC.csproj", "{13D179DC-AF42-43DD-A8C6-538056519CC2}"
EndProject
Project("{FAE04EC0-301F-11D3-BF4B-00C04F79EFBC}") = "Infra", "Infra\Infra.csproj", "{C3CEF30C-567E-4B7F-A02D-CC4961088D57}"
EndProject
Project("{FAE04EC0-301F-11D3-BF4B-00C04F79EFBC}") = "IOC", "IOC\IOC.csproj", "{72AA486E-9BBE-486E-A5B2-278CDC6978C4}"
EndProject
Project("{FAE04EC0-301F-11D3-BF4B-00C04F79EFBC}") = "Domain", "Domain\Domain.csproj", "{1E3A8111-1A13-45D0-A0C2-6E68088BBAD5}"
EndProject
Project("{FAE04EC0-301F-11D3-BF4B-00C04F79EFBC}") = "Application", "Application\Application.csproj", "{3A2AC021-C4AE-4B54-9B94-A43884371A75}"
EndProject
Global
	GlobalSection(SolutionConfigurationPlatforms) = preSolution
		Debug|Any CPU = Debug|Any CPU
		Release|Any CPU = Release|Any CPU
	EndGlobalSection
	GlobalSection(ProjectConfigurationPlatforms) = postSolution
		{13D179DC-AF42-43DD-A8C6-538056519CC2}.Debug|Any CPU.ActiveCfg = Debug|Any CPU
		{13D179DC-AF42-43DD-A8C6-538056519CC2}.Debug|Any CPU.Build.0 = Debug|Any CPU
		{13D179DC-AF42-43DD-A8C6-538056519CC2}.Release|Any CPU.ActiveCfg = Release|Any CPU
		{13D179DC-AF42-43DD-A8C6-538056519CC2}.Release|Any CPU.Build.0 = Release|Any CPU
		{C3CEF30C-567E-4B7F-A02D-CC4961088D57}.Debug|Any CPU.ActiveCfg = Debug|Any CPU
		{C3CEF30C-567E-4B7F-A02D-CC4961088D57}.Debug|Any CPU.Build.0 = Debug|Any CPU
		{C3CEF30C-567E-4B7F-A02D-CC4961088D57}.Release|Any CPU.ActiveCfg = Release|Any CPU
		{C3CEF30C-567E-4B7F-A02D-CC4961088D57}.Release|Any CPU.Build.0 = Release|Any CPU
		{72AA486E-9BBE-486E-A5B2-278CDC6978C4}.Debug|Any CPU.ActiveCfg = Debug|Any CPU
		{72AA486E-9BBE-486E-A5B2-278CDC6978C4}.Debug|Any CPU.Build.0 = Debug|Any CPU
		{72AA486E-9BBE-486E-A5B2-278CDC6978C4}.Release|Any CPU.ActiveCfg = Release|Any CPU
		{72AA486E-9BBE-486E-A5B2-278CDC6978C4}.Release|Any CPU.Build.0 = Release|Any CPU
		{1E3A8111-1A13-45D0-A0C2-6E68088BBAD5}.Debug|Any CPU.ActiveCfg = Debug|Any CPU
		{1E3A8111-1A13-45D0-A0C2-6E68088BBAD5}.Debug|Any CPU.Build.0 = Debug|Any CPU
		{1E3A8111-1A13-45D0-A0C2-6E68088BBAD5}.Release|Any CPU.ActiveCfg = Release|Any CPU
		{1E3A8111-1A13-45D0-A0C2-6E68088BBAD5}.Release|Any CPU.Build.0 = Release|Any CPU
		{3A2AC021-C4AE-4B54-9B94-A43884371A75}.Debug|Any CPU.ActiveCfg = Debug|Any CPU
		{3A2AC021-C4AE-4B54-9B94-A43884371A75}.Debug|Any CPU.Build.0 = Debug|Any CPU
		{3A2AC021-C4AE-4B54-9B94-A43884371A75}.Release|Any CPU.ActiveCfg = Release|Any CPU
		{3A2AC021-C4AE-4B54-9B94-A43884371A75}.Release|Any CPU.Build.0 = Release|Any CPU
	EndGlobalSection
	GlobalSection(SolutionProperties) = preSolution
		HideSolutionNode = FALSE
	EndGlobalSection
	GlobalSection(ExtensibilityGlobals) = postSolution
		SolutionGuid = {13C2CD75-F1E4-48B3-AB94-060C8CAFF3E3}
	EndGlobalSection
EndGlobal
