
Microsoft Visual Studio Solution File, Format Version 12.00
# Visual Studio Version 17
VisualStudioVersion = 17.5.33530.505
MinimumVisualStudioVersion = 10.0.40219.1
Project("{FAE04EC0-301F-11D3-BF4B-00C04F79EFBC}") = "EngenhariaReversa", "EngenhariaReversa\EngenhariaReversa.csproj", "{2A2D664C-3C47-4B8B-BDB3-4D7D8F9EF54C}"
EndProject
Global
	GlobalSection(SolutionConfigurationPlatforms) = preSolution
		Debug|Any CPU = Debug|Any CPU
		Release|Any CPU = Release|Any CPU
	EndGlobalSection
	GlobalSection(ProjectConfigurationPlatforms) = postSolution
		{2A2D664C-3C47-4B8B-BDB3-4D7D8F9EF54C}.Debug|Any CPU.ActiveCfg = Debug|Any CPU
		{2A2D664C-3C47-4B8B-BDB3-4D7D8F9EF54C}.Debug|Any CPU.Build.0 = Debug|Any CPU
		{2A2D664C-3C47-4B8B-BDB3-4D7D8F9EF54C}.Release|Any CPU.ActiveCfg = Release|Any CPU
		{2A2D664C-3C47-4B8B-BDB3-4D7D8F9EF54C}.Release|Any CPU.Build.0 = Release|Any CPU
	EndGlobalSection
	GlobalSection(SolutionProperties) = preSolution
		HideSolutionNode = FALSE
	EndGlobalSection
	GlobalSection(ExtensibilityGlobals) = postSolution
		SolutionGuid = {D4F0D280-7D89-4B57-94C8-6F61BE752BB8}
	EndGlobalSection
EndGlobal
